{
  "nodes": {
    "agenix": {
      "inputs": {
        "nixpkgs": [
          "nixpkgs"
        ]
      },
      "locked": {
        "lastModified": 1664140963,
        "narHash": "sha256-pFxDtOLduRFlol0Y4ShE+soRQX4kbhaCNBtDOvx7ykw=",
        "owner": "ryantm",
        "repo": "agenix",
        "rev": "6acb1fe5f8597d5ce63fc82bc7fcac7774b1cdf0",
        "type": "github"
      },
      "original": {
        "owner": "ryantm",
        "repo": "agenix",
        "type": "github"
      }
    },
    "flake-utils": {
      "locked": {
        "lastModified": 1656928814,
        "narHash": "sha256-RIFfgBuKz6Hp89yRr7+NR5tzIAbn52h8vT6vXkYjZoM=",
        "owner": "numtide",
        "repo": "flake-utils",
        "rev": "7e2a3b3dfd9af950a856d66b0a7d01e3c18aa249",
        "type": "github"
      },
      "original": {
        "owner": "numtide",
        "repo": "flake-utils",
        "type": "github"
      }
    },
    "home-manager": {
      "inputs": {
        "nixpkgs": [
          "nixpkgs"
        ]
      },
      "locked": {
        "lastModified": 1656169755,
        "narHash": "sha256-Nlnm4jeQWEGjYrE6hxi/7HYHjBSZ/E0RtjCYifnNsWk=",
        "owner": "nix-community",
        "repo": "home-manager",
        "rev": "4a3d01fb53f52ac83194081272795aa4612c2381",
        "type": "github"
      },
      "original": {
        "owner": "nix-community",
        "ref": "release-22.05",
        "repo": "home-manager",
        "type": "github"
      }
    },
    "nixos-hardware": {
      "locked": {
        "lastModified": 1664628729,
        "narHash": "sha256-A1J0ZPhBfZZiWI6ipjKJ8+RpMllzOMu/An/8Tk3t4oo=",
        "owner": "nixos",
        "repo": "nixos-hardware",
        "rev": "3024c67a2e9a35450558426c42e7419ab37efd95",
        "type": "github"
      },
      "original": {
        "owner": "nixos",
        "repo": "nixos-hardware",
        "type": "github"
      }
    },
    "nixpkgs": {
      "locked": {
        "lastModified": 1664790708,
        "narHash": "sha256-fzxmpOPjzOVIt9KeDN4EDPI13xJn+u0uMxheKCWken8=",
        "owner": "NixOS",
        "repo": "nixpkgs",
        "rev": "81a3237b64e67b66901c735654017e75f0c50943",
        "type": "github"
      },
      "original": {
        "id": "nixpkgs",
        "ref": "nixos-22.05",
        "type": "indirect"
      }
    },
    "nixpkgs-unstable": {
      "locked": {
        "lastModified": 1664780719,
        "narHash": "sha256-Oxe6la5dSqRfJogjtY4sRzJjDDqvroJIVkcGEOT87MA=",
        "owner": "NixOS",
        "repo": "nixpkgs",
        "rev": "fd54651f5ffb4a36e8463e0c327a78442b26cbe7",
        "type": "github"
      },
      "original": {
        "id": "nixpkgs",
        "ref": "nixos-unstable",
        "type": "indirect"
      }
    },
    "nixpkgs_2": {
      "locked": {
        "lastModified": 1659102345,
        "narHash": "sha256-Vbzlz254EMZvn28BhpN8JOi5EuKqnHZ3ujFYgFcSGvk=",
        "owner": "NixOS",
        "repo": "nixpkgs",
        "rev": "11b60e4f80d87794a2a4a8a256391b37c59a1ea7",
        "type": "github"
      },
      "original": {
        "owner": "NixOS",
        "ref": "nixpkgs-unstable",
        "repo": "nixpkgs",
        "type": "github"
      }
    },
    "root": {
      "inputs": {
        "agenix": "agenix",
        "home-manager": "home-manager",
        "nixos-hardware": "nixos-hardware",
        "nixpkgs": "nixpkgs",
        "nixpkgs-unstable": "nixpkgs-unstable",
        "rust-overlay": "rust-overlay"
      }
    },
    "rust-overlay": {
      "inputs": {
        "flake-utils": "flake-utils",
        "nixpkgs": "nixpkgs_2"
      },
      "locked": {
        "lastModified": 1664938250,
        "narHash": "sha256-LdLOcoyqX0cO6ceYdOo3O/aMWX10x4p14KdlH6DKl04=",
        "owner": "oxalica",
        "repo": "rust-overlay",
        "rev": "e6531ebf628998fd03f6e5f4e3939b34bfd374f3",
        "type": "github"
      },
      "original": {
        "owner": "oxalica",
        "repo": "rust-overlay",
        "type": "github"
      }
    }
  },
  "root": "root",
  "version": 7
}
